
Microsoft Visual Studio Solution File, Format Version 11.00
# Visual Studio 2010
Project("{FAE04EC0-301F-11D3-BF4B-00C04F79EFBC}") = "ItsBeen.Client", "ItsBeen.Client\ItsBeen.Client.csproj", "{81A6EED7-FEF1-4A74-B0C7-8D7075C41EAE}"
EndProject
Project("{FAE04EC0-301F-11D3-BF4B-00C04F79EFBC}") = "ItsBeen.App", "ItsBeen.App\ItsBeen.App.csproj", "{534F5342-1D7C-461E-AC6C-4C15EA83F2A2}"
EndProject
Project("{2150E333-8FDC-42A3-9474-1A3956D46DE8}") = "Solution Items", "Solution Items", "{AB0BFA92-BFC3-4B6E-A067-CD8889B83C11}"
	ProjectSection(SolutionItems) = preProject
		license.txt = license.txt
		readme.markdown = readme.markdown
	EndProjectSection
EndProject
Project("{FAE04EC0-301F-11D3-BF4B-00C04F79EFBC}") = "ItsBeen.Phone", "ItsBeen.Phone\ItsBeen.Phone.csproj", "{150870DD-B921-4584-96D8-46D0E414ADB3}"
EndProject
Project("{FAE04EC0-301F-11D3-BF4B-00C04F79EFBC}") = "ItsBeen.App.Phone", "ItsBeen.App.Phone\ItsBeen.App.Phone.csproj", "{A7500A7E-DE83-4F28-9098-A94D898602A5}"
EndProject
Global
	GlobalSection(SolutionConfigurationPlatforms) = preSolution
		Debug|Any CPU = Debug|Any CPU
		Release|Any CPU = Release|Any CPU
	EndGlobalSection
	GlobalSection(ProjectConfigurationPlatforms) = postSolution
		{81A6EED7-FEF1-4A74-B0C7-8D7075C41EAE}.Debug|Any CPU.ActiveCfg = Debug|Any CPU
		{81A6EED7-FEF1-4A74-B0C7-8D7075C41EAE}.Debug|Any CPU.Build.0 = Debug|Any CPU
		{81A6EED7-FEF1-4A74-B0C7-8D7075C41EAE}.Release|Any CPU.ActiveCfg = Release|Any CPU
		{81A6EED7-FEF1-4A74-B0C7-8D7075C41EAE}.Release|Any CPU.Build.0 = Release|Any CPU
		{534F5342-1D7C-461E-AC6C-4C15EA83F2A2}.Debug|Any CPU.ActiveCfg = Debug|Any CPU
		{534F5342-1D7C-461E-AC6C-4C15EA83F2A2}.Debug|Any CPU.Build.0 = Debug|Any CPU
		{534F5342-1D7C-461E-AC6C-4C15EA83F2A2}.Release|Any CPU.ActiveCfg = Release|Any CPU
		{534F5342-1D7C-461E-AC6C-4C15EA83F2A2}.Release|Any CPU.Build.0 = Release|Any CPU
		{150870DD-B921-4584-96D8-46D0E414ADB3}.Debug|Any CPU.ActiveCfg = Debug|Any CPU
		{150870DD-B921-4584-96D8-46D0E414ADB3}.Debug|Any CPU.Build.0 = Debug|Any CPU
		{150870DD-B921-4584-96D8-46D0E414ADB3}.Release|Any CPU.ActiveCfg = Release|Any CPU
		{150870DD-B921-4584-96D8-46D0E414ADB3}.Release|Any CPU.Build.0 = Release|Any CPU
		{A7500A7E-DE83-4F28-9098-A94D898602A5}.Debug|Any CPU.ActiveCfg = Debug|Any CPU
		{A7500A7E-DE83-4F28-9098-A94D898602A5}.Debug|Any CPU.Build.0 = Debug|Any CPU
		{A7500A7E-DE83-4F28-9098-A94D898602A5}.Release|Any CPU.ActiveCfg = Release|Any CPU
		{A7500A7E-DE83-4F28-9098-A94D898602A5}.Release|Any CPU.Build.0 = Release|Any CPU
	EndGlobalSection
	GlobalSection(SolutionProperties) = preSolution
		HideSolutionNode = FALSE
	EndGlobalSection
EndGlobal
